
Microsoft Visual Studio Solution File, Format Version 12.00
# Visual Studio Version 17
VisualStudioVersion = 17.0.31903.59
MinimumVisualStudioVersion = 10.0.40219.1
Project("{2150E333-8FDC-42A3-9474-1A3956D46DE8}") = "src", "src", "{827E0CD3-B72D-47B6-A68D-7590B98EB39B}"
EndProject
Project("{FAE04EC0-301F-11D3-BF4B-00C04F79EFBC}") = "PostRoute.Api", "src\PostRoute.Api\PostRoute.Api.csproj", "{534BF42F-3864-4DE6-8D53-7C4D4B844DF0}"
EndProject
Project("{FAE04EC0-301F-11D3-BF4B-00C04F79EFBC}") = "PostRoute.BLL", "src\PostRoute.BLL\PostRoute.BLL.csproj", "{C5C1D52F-7C4D-4988-9F3C-6A323FA0448D}"
EndProject
Project("{FAE04EC0-301F-11D3-BF4B-00C04F79EFBC}") = "PostRoute.DAL", "src\PostRoute.DAL\PostRoute.DAL.csproj", "{7ED2997F-1853-440D-AFF4-64BCAC1D14D0}"
EndProject
Project("{FAE04EC0-301F-11D3-BF4B-00C04F79EFBC}") = "PostRoute.Domain", "src\PostRoute.Domain\PostRoute.Domain.csproj", "{A1B2C3D4-E5F6-7890-ABCD-EF1234567890}"
EndProject
Project("{2150E333-8FDC-42A3-9474-1A3956D46DE8}") = "tests", "tests", "{0AB3BF05-4346-4AA6-1389-037BE0695223}"
EndProject
Project("{FAE04EC0-301F-11D3-BF4B-00C04F79EFBC}") = "PostRoute.BLL.Tests", "tests\PostRoute.BLL.Tests\PostRoute.BLL.Tests.csproj", "{2D7A2F78-5055-4338-BAFB-3DD74191C8D1}"
EndProject
Global
	GlobalSection(SolutionConfigurationPlatforms) = preSolution
		Debug|Any CPU = Debug|Any CPU
		Debug|x64 = Debug|x64
		Debug|x86 = Debug|x86
		Release|Any CPU = Release|Any CPU
		Release|x64 = Release|x64
		Release|x86 = Release|x86
	EndGlobalSection
	GlobalSection(ProjectConfigurationPlatforms) = postSolution
		{534BF42F-3864-4DE6-8D53-7C4D4B844DF0}.Debug|Any CPU.ActiveCfg = Debug|Any CPU
		{534BF42F-3864-4DE6-8D53-7C4D4B844DF0}.Debug|Any CPU.Build.0 = Debug|Any CPU
		{534BF42F-3864-4DE6-8D53-7C4D4B844DF0}.Debug|x64.ActiveCfg = Debug|Any CPU
		{534BF42F-3864-4DE6-8D53-7C4D4B844DF0}.Debug|x64.Build.0 = Debug|Any CPU
		{534BF42F-3864-4DE6-8D53-7C4D4B844DF0}.Debug|x86.ActiveCfg = Debug|Any CPU
		{534BF42F-3864-4DE6-8D53-7C4D4B844DF0}.Debug|x86.Build.0 = Debug|Any CPU
		{534BF42F-3864-4DE6-8D53-7C4D4B844DF0}.Release|Any CPU.ActiveCfg = Release|Any CPU
		{534BF42F-3864-4DE6-8D53-7C4D4B844DF0}.Release|Any CPU.Build.0 = Release|Any CPU
		{534BF42F-3864-4DE6-8D53-7C4D4B844DF0}.Release|x64.ActiveCfg = Release|Any CPU
		{534BF42F-3864-4DE6-8D53-7C4D4B844DF0}.Release|x64.Build.0 = Release|Any CPU
		{534BF42F-3864-4DE6-8D53-7C4D4B844DF0}.Release|x86.ActiveCfg = Release|Any CPU
		{534BF42F-3864-4DE6-8D53-7C4D4B844DF0}.Release|x86.Build.0 = Release|Any CPU
		{C5C1D52F-7C4D-4988-9F3C-6A323FA0448D}.Debug|Any CPU.ActiveCfg = Debug|Any CPU
		{C5C1D52F-7C4D-4988-9F3C-6A323FA0448D}.Debug|Any CPU.Build.0 = Debug|Any CPU
		{C5C1D52F-7C4D-4988-9F3C-6A323FA0448D}.Debug|x64.ActiveCfg = Debug|Any CPU
		{C5C1D52F-7C4D-4988-9F3C-6A323FA0448D}.Debug|x64.Build.0 = Debug|Any CPU
		{C5C1D52F-7C4D-4988-9F3C-6A323FA0448D}.Debug|x86.ActiveCfg = Debug|Any CPU
		{C5C1D52F-7C4D-4988-9F3C-6A323FA0448D}.Debug|x86.Build.0 = Debug|Any CPU
		{C5C1D52F-7C4D-4988-9F3C-6A323FA0448D}.Release|Any CPU.ActiveCfg = Release|Any CPU
		{C5C1D52F-7C4D-4988-9F3C-6A323FA0448D}.Release|Any CPU.Build.0 = Release|Any CPU
		{C5C1D52F-7C4D-4988-9F3C-6A323FA0448D}.Release|x64.ActiveCfg = Release|Any CPU
		{C5C1D52F-7C4D-4988-9F3C-6A323FA0448D}.Release|x64.Build.0 = Release|Any CPU
		{C5C1D52F-7C4D-4988-9F3C-6A323FA0448D}.Release|x86.ActiveCfg = Release|Any CPU
		{C5C1D52F-7C4D-4988-9F3C-6A323FA0448D}.Release|x86.Build.0 = Release|Any CPU
		{7ED2997F-1853-440D-AFF4-64BCAC1D14D0}.Debug|Any CPU.ActiveCfg = Debug|Any CPU
		{7ED2997F-1853-440D-AFF4-64BCAC1D14D0}.Debug|Any CPU.Build.0 = Debug|Any CPU
		{7ED2997F-1853-440D-AFF4-64BCAC1D14D0}.Debug|x64.ActiveCfg = Debug|Any CPU
		{7ED2997F-1853-440D-AFF4-64BCAC1D14D0}.Debug|x64.Build.0 = Debug|Any CPU
		{7ED2997F-1853-440D-AFF4-64BCAC1D14D0}.Debug|x86.ActiveCfg = Debug|Any CPU
		{7ED2997F-1853-440D-AFF4-64BCAC1D14D0}.Debug|x86.Build.0 = Debug|Any CPU
		{7ED2997F-1853-440D-AFF4-64BCAC1D14D0}.Release|Any CPU.ActiveCfg = Release|Any CPU
		{7ED2997F-1853-440D-AFF4-64BCAC1D14D0}.Release|Any CPU.Build.0 = Release|Any CPU
		{7ED2997F-1853-440D-AFF4-64BCAC1D14D0}.Release|x64.ActiveCfg = Release|Any CPU
		{7ED2997F-1853-440D-AFF4-64BCAC1D14D0}.Release|x64.Build.0 = Release|Any CPU
		{7ED2997F-1853-440D-AFF4-64BCAC1D14D0}.Release|x86.ActiveCfg = Release|Any CPU
		{7ED2997F-1853-440D-AFF4-64BCAC1D14D0}.Release|x86.Build.0 = Release|Any CPU
		{A1B2C3D4-E5F6-7890-ABCD-EF1234567890}.Debug|Any CPU.ActiveCfg = Debug|Any CPU
		{A1B2C3D4-E5F6-7890-ABCD-EF1234567890}.Debug|Any CPU.Build.0 = Debug|Any CPU
		{A1B2C3D4-E5F6-7890-ABCD-EF1234567890}.Debug|x64.ActiveCfg = Debug|Any CPU
		{A1B2C3D4-E5F6-7890-ABCD-EF1234567890}.Debug|x64.Build.0 = Debug|Any CPU
		{A1B2C3D4-E5F6-7890-ABCD-EF1234567890}.Debug|x86.ActiveCfg = Debug|Any CPU
		{A1B2C3D4-E5F6-7890-ABCD-EF1234567890}.Debug|x86.Build.0 = Debug|Any CPU
		{A1B2C3D4-E5F6-7890-ABCD-EF1234567890}.Release|Any CPU.ActiveCfg = Release|Any CPU
		{A1B2C3D4-E5F6-7890-ABCD-EF1234567890}.Release|Any CPU.Build.0 = Release|Any CPU
		{A1B2C3D4-E5F6-7890-ABCD-EF1234567890}.Release|x64.ActiveCfg = Release|Any CPU
		{A1B2C3D4-E5F6-7890-ABCD-EF1234567890}.Release|x64.Build.0 = Release|Any CPU
		{A1B2C3D4-E5F6-7890-ABCD-EF1234567890}.Release|x86.ActiveCfg = Release|Any CPU
		{A1B2C3D4-E5F6-7890-ABCD-EF1234567890}.Release|x86.Build.0 = Release|Any CPU
		{2D7A2F78-5055-4338-BAFB-3DD74191C8D1}.Debug|Any CPU.ActiveCfg = Debug|Any CPU
		{2D7A2F78-5055-4338-BAFB-3DD74191C8D1}.Debug|Any CPU.Build.0 = Debug|Any CPU
		{2D7A2F78-5055-4338-BAFB-3DD74191C8D1}.Debug|x64.ActiveCfg = Debug|Any CPU
		{2D7A2F78-5055-4338-BAFB-3DD74191C8D1}.Debug|x64.Build.0 = Debug|Any CPU
		{2D7A2F78-5055-4338-BAFB-3DD74191C8D1}.Debug|x86.ActiveCfg = Debug|Any CPU
		{2D7A2F78-5055-4338-BAFB-3DD74191C8D1}.Debug|x86.Build.0 = Debug|Any CPU
		{2D7A2F78-5055-4338-BAFB-3DD74191C8D1}.Release|Any CPU.ActiveCfg = Release|Any CPU
		{2D7A2F78-5055-4338-BAFB-3DD74191C8D1}.Release|Any CPU.Build.0 = Release|Any CPU
		{2D7A2F78-5055-4338-BAFB-3DD74191C8D1}.Release|x64.ActiveCfg = Release|Any CPU
		{2D7A2F78-5055-4338-BAFB-3DD74191C8D1}.Release|x64.Build.0 = Release|Any CPU
		{2D7A2F78-5055-4338-BAFB-3DD74191C8D1}.Release|x86.ActiveCfg = Release|Any CPU
		{2D7A2F78-5055-4338-BAFB-3DD74191C8D1}.Release|x86.Build.0 = Release|Any CPU
	EndGlobalSection
	GlobalSection(SolutionProperties) = preSolution
		HideSolutionNode = FALSE
	EndGlobalSection
	GlobalSection(NestedProjects) = preSolution
		{534BF42F-3864-4DE6-8D53-7C4D4B844DF0} = {827E0CD3-B72D-47B6-A68D-7590B98EB39B}
		{C5C1D52F-7C4D-4988-9F3C-6A323FA0448D} = {827E0CD3-B72D-47B6-A68D-7590B98EB39B}
		{7ED2997F-1853-440D-AFF4-64BCAC1D14D0} = {827E0CD3-B72D-47B6-A68D-7590B98EB39B}
		{A1B2C3D4-E5F6-7890-ABCD-EF1234567890} = {827E0CD3-B72D-47B6-A68D-7590B98EB39B}
		{2D7A2F78-5055-4338-BAFB-3DD74191C8D1} = {0AB3BF05-4346-4AA6-1389-037BE0695223}
	EndGlobalSection
EndGlobal
